
Microsoft Visual Studio Solution File, Format Version 12.00
# Visual Studio 15
VisualStudioVersion = 15.0.28307.645
MinimumVisualStudioVersion = 10.0.40219.1
Project("{FAE04EC0-301F-11D3-BF4B-00C04F79EFBC}") = "BlockSnifferIpService", "BlockSnifferIpService\BlockSnifferIpService.csproj", "{019BFDE9-C339-4DFA-A99B-F5D0001E92C0}"
EndProject
Project("{FAE04EC0-301F-11D3-BF4B-00C04F79EFBC}") = "BlockSnifferIp", "BlockSnifferIp\BlockSnifferIp.csproj", "{ACE0BC00-36B9-4476-A4B2-849C6A14F29B}"
EndProject
Project("{FAE04EC0-301F-11D3-BF4B-00C04F79EFBC}") = "BlockSnifferIpApp", "BlockSnifferIpApp\BlockSnifferIpApp.csproj", "{D641FE08-7D67-4C0E-872A-8CF237F3BF7A}"
EndProject
Project("{FAE04EC0-301F-11D3-BF4B-00C04F79EFBC}") = "BlockSnifferIpTest", "BlockSnifferIpTest\BlockSnifferIpTest.csproj", "{EB1BD870-F340-4509-92D2-2FA5212957AD}"
EndProject
Global
	GlobalSection(SolutionConfigurationPlatforms) = preSolution
		Debug|Any CPU = Debug|Any CPU
		Release|Any CPU = Release|Any CPU
	EndGlobalSection
	GlobalSection(ProjectConfigurationPlatforms) = postSolution
		{019BFDE9-C339-4DFA-A99B-F5D0001E92C0}.Debug|Any CPU.ActiveCfg = Debug|Any CPU
		{019BFDE9-C339-4DFA-A99B-F5D0001E92C0}.Debug|Any CPU.Build.0 = Debug|Any CPU
		{019BFDE9-C339-4DFA-A99B-F5D0001E92C0}.Release|Any CPU.ActiveCfg = Release|Any CPU
		{019BFDE9-C339-4DFA-A99B-F5D0001E92C0}.Release|Any CPU.Build.0 = Release|Any CPU
		{ACE0BC00-36B9-4476-A4B2-849C6A14F29B}.Debug|Any CPU.ActiveCfg = Debug|Any CPU
		{ACE0BC00-36B9-4476-A4B2-849C6A14F29B}.Debug|Any CPU.Build.0 = Debug|Any CPU
		{ACE0BC00-36B9-4476-A4B2-849C6A14F29B}.Release|Any CPU.ActiveCfg = Release|Any CPU
		{ACE0BC00-36B9-4476-A4B2-849C6A14F29B}.Release|Any CPU.Build.0 = Release|Any CPU
		{D641FE08-7D67-4C0E-872A-8CF237F3BF7A}.Debug|Any CPU.ActiveCfg = Debug|Any CPU
		{D641FE08-7D67-4C0E-872A-8CF237F3BF7A}.Debug|Any CPU.Build.0 = Debug|Any CPU
		{D641FE08-7D67-4C0E-872A-8CF237F3BF7A}.Release|Any CPU.ActiveCfg = Release|Any CPU
		{D641FE08-7D67-4C0E-872A-8CF237F3BF7A}.Release|Any CPU.Build.0 = Release|Any CPU
		{EB1BD870-F340-4509-92D2-2FA5212957AD}.Debug|Any CPU.ActiveCfg = Debug|Any CPU
		{EB1BD870-F340-4509-92D2-2FA5212957AD}.Debug|Any CPU.Build.0 = Debug|Any CPU
		{EB1BD870-F340-4509-92D2-2FA5212957AD}.Release|Any CPU.ActiveCfg = Release|Any CPU
		{EB1BD870-F340-4509-92D2-2FA5212957AD}.Release|Any CPU.Build.0 = Release|Any CPU
	EndGlobalSection
	GlobalSection(SolutionProperties) = preSolution
		HideSolutionNode = FALSE
	EndGlobalSection
	GlobalSection(ExtensibilityGlobals) = postSolution
		SolutionGuid = {FC7841D4-C4A0-4587-AE92-A77EA961B09D}
	EndGlobalSection
EndGlobal
